
Microsoft Visual Studio Solution File, Format Version 12.00
# Visual Studio Version 17
VisualStudioVersion = 17.9.34728.123
MinimumVisualStudioVersion = 10.0.40219.1
Project("{FAE04EC0-301F-11D3-BF4B-00C04F79EFBC}") = "DebugModels", "DebugModels\DebugModels.csproj", "{3A595B53-FEB0-4B2E-AEB6-5EB171B913F2}"
EndProject
Global
	GlobalSection(SolutionConfigurationPlatforms) = preSolution
		Debug|Any CPU = Debug|Any CPU
		Release|Any CPU = Release|Any CPU
	EndGlobalSection
	GlobalSection(ProjectConfigurationPlatforms) = postSolution
		{3A595B53-FEB0-4B2E-AEB6-5EB171B913F2}.Debug|Any CPU.ActiveCfg = Debug|Any CPU
		{3A595B53-FEB0-4B2E-AEB6-5EB171B913F2}.Debug|Any CPU.Build.0 = Debug|Any CPU
		{3A595B53-FEB0-4B2E-AEB6-5EB171B913F2}.Release|Any CPU.ActiveCfg = Release|Any CPU
		{3A595B53-FEB0-4B2E-AEB6-5EB171B913F2}.Release|Any CPU.Build.0 = Release|Any CPU
	EndGlobalSection
	GlobalSection(SolutionProperties) = preSolution
		HideSolutionNode = FALSE
	EndGlobalSection
	GlobalSection(ExtensibilityGlobals) = postSolution
		SolutionGuid = {7BF1D0AC-2235-4A3F-8DC2-CA4FEDF4CD2B}
	EndGlobalSection
EndGlobal
